[[package]]
category = "main"
description = "Dependency Injection Container Library"
name = "injecta"
optional = false
python-versions = ">=3.7.3,<3.8.0"
version = "0.5.1"

[package.dependencies]
PyYAML = ">=5.1.0,<5.2.0"
python-box = ">=3.4.0,<3.5.0"
tomlkit = ">=0.5.8,<0.6.0"

[[package]]
category = "main"
description = "Advanced Python dictionaries with dot notation access"
name = "python-box"
optional = false
python-versions = "*"
version = "3.4.6"

[package.extras]
testing = ["pytest", "coverage (>=3.6)", "pytest-cov"]

[[package]]
category = "main"
description = "YAML parser and emitter for Python"
name = "pyyaml"
optional = false
python-versions = ">=2.7, !=3.0.*, !=3.1.*, !=3.2.*, !=3.3.*"
version = "5.1.2"

[[package]]
category = "main"
description = "Style preserving TOML library"
name = "tomlkit"
optional = false
python-versions = ">=2.7, !=3.0.*, !=3.1.*, !=3.2.*, !=3.3.*"
version = "0.5.8"

[metadata]
content-hash = "02a278b5a39c714da9e487ee7cdc13e5b45e6a83350402c8af9e5263b451f77f"
python-versions = "~3.7.3"

[metadata.files]
injecta = [
    {file = "injecta-0.5.1-py3-none-any.whl", hash = "sha256:8362482d455cebe866a9529c9c85daf024a16f00c9af7ec0343c3d860d4e6d1b"},
    {file = "injecta-0.5.1.tar.gz", hash = "sha256:0353e14c1905d1cea91b704c5cb5f9293d0f0263655abe23bf22e7ef534a12a6"},
]
python-box = [
    {file = "python-box-3.4.6.tar.gz", hash = "sha256:694a7555e3ff9fbbce734bbaef3aad92b8e4ed0659d3ed04d56b6a0a0eff26a9"},
    {file = "python_box-3.4.6-py2.py3-none-any.whl", hash = "sha256:a71d3dc9dbaa34c8597d3517c89a8041bd62fa875f23c0f3dad55e1958e3ce10"},
]
pyyaml = [
    {file = "PyYAML-5.1.2-cp27-cp27m-win32.whl", hash = "sha256:5124373960b0b3f4aa7df1707e63e9f109b5263eca5976c66e08b1c552d4eaf8"},
    {file = "PyYAML-5.1.2-cp27-cp27m-win_amd64.whl", hash = "sha256:f81025eddd0327c7d4cfe9b62cf33190e1e736cc6e97502b3ec425f574b3e7a8"},
    {file = "PyYAML-5.1.2-cp34-cp34m-win32.whl", hash = "sha256:0113bc0ec2ad727182326b61326afa3d1d8280ae1122493553fd6f4397f33df9"},
    {file = "PyYAML-5.1.2-cp34-cp34m-win_amd64.whl", hash = "sha256:5ca4f10adbddae56d824b2c09668e91219bb178a1eee1faa56af6f99f11bf696"},
    {file = "PyYAML-5.1.2-cp35-cp35m-win32.whl", hash = "sha256:bf47c0607522fdbca6c9e817a6e81b08491de50f3766a7a0e6a5be7905961b41"},
    {file = "PyYAML-5.1.2-cp35-cp35m-win_amd64.whl", hash = "sha256:87ae4c829bb25b9fe99cf71fbb2140c448f534e24c998cc60f39ae4f94396a73"},
    {file = "PyYAML-5.1.2-cp36-cp36m-win32.whl", hash = "sha256:9de9919becc9cc2ff03637872a440195ac4241c80536632fffeb6a1e25a74299"},
    {file = "PyYAML-5.1.2-cp36-cp36m-win_amd64.whl", hash = "sha256:a5a85b10e450c66b49f98846937e8cfca1db3127a9d5d1e31ca45c3d0bef4c5b"},
    {file = "PyYAML-5.1.2-cp37-cp37m-win32.whl", hash = "sha256:b0997827b4f6a7c286c01c5f60384d218dca4ed7d9efa945c3e1aa623d5709ae"},
    {file = "PyYAML-5.1.2-cp37-cp37m-win_amd64.whl", hash = "sha256:7907be34ffa3c5a32b60b95f4d95ea25361c951383a894fec31be7252b2b6f34"},
    {file = "PyYAML-5.1.2-cp38-cp38m-win32.whl", hash = "sha256:7ec9b2a4ed5cad025c2278a1e6a19c011c80a3caaac804fd2d329e9cc2c287c9"},
    {file = "PyYAML-5.1.2-cp38-cp38m-win_amd64.whl", hash = "sha256:b631ef96d3222e62861443cc89d6563ba3eeb816eeb96b2629345ab795e53681"},
    {file = "PyYAML-5.1.2.tar.gz", hash = "sha256:01adf0b6c6f61bd11af6e10ca52b7d4057dd0be0343eb9283c878cf3af56aee4"},
]
tomlkit = [
    {file = "tomlkit-0.5.8-py2.py3-none-any.whl", hash = "sha256:96e6369288571799a3052c1ef93b9de440e1ab751aa045f435b55e9d3bcd0690"},
    {file = "tomlkit-0.5.8.tar.gz", hash = "sha256:32c10cc16ded7e4101c79f269910658cc2a0be5913f1252121c3cd603051c269"},
]
